
Microsoft Visual Studio Solution File, Format Version 12.00
# Visual Studio Version 17
VisualStudioVersion = 17.1.32228.430
MinimumVisualStudioVersion = 10.0.40219.1
Project("{FAE04EC0-301F-11D3-BF4B-00C04F79EFBC}") = "CodilityCSharp", "CodilityCSharp.csproj", "{EEA95827-F775-4F9B-9D58-61133C311C17}"
EndProject
Global
	GlobalSection(SolutionConfigurationPlatforms) = preSolution
		Debug|Any CPU = Debug|Any CPU
		Release|Any CPU = Release|Any CPU
	EndGlobalSection
	GlobalSection(ProjectConfigurationPlatforms) = postSolution
		{EEA95827-F775-4F9B-9D58-61133C311C17}.Debug|Any CPU.ActiveCfg = Debug|Any CPU
		{EEA95827-F775-4F9B-9D58-61133C311C17}.Debug|Any CPU.Build.0 = Debug|Any CPU
		{EEA95827-F775-4F9B-9D58-61133C311C17}.Release|Any CPU.ActiveCfg = Release|Any CPU
		{EEA95827-F775-4F9B-9D58-61133C311C17}.Release|Any CPU.Build.0 = Release|Any CPU
	EndGlobalSection
	GlobalSection(SolutionProperties) = preSolution
		HideSolutionNode = FALSE
	EndGlobalSection
	GlobalSection(ExtensibilityGlobals) = postSolution
		SolutionGuid = {941B902A-C8DE-4F23-AFD7-A9CAE6FDE727}
	EndGlobalSection
EndGlobal
